
Microsoft Visual Studio Solution File, Format Version 12.00
# Visual Studio Version 16
VisualStudioVersion = 16.0.29613.14
MinimumVisualStudioVersion = 10.0.40219.1
Project("{9A19103F-16F7-4668-BE54-9A1E7A4F7556}") = "PetStore", "PetStore\PetStore.csproj", "{7430C953-2A9B-4998-9343-04AADBA0707C}"
EndProject
Project("{FAE04EC0-301F-11D3-BF4B-00C04F79EFBC}") = "PetStoreTest", "PetStoreTest\PetStoreTest.csproj", "{F42335A0-4662-49A6-9D44-ED1B8E7392C9}"
EndProject
Global
	GlobalSection(SolutionConfigurationPlatforms) = preSolution
		Debug|Any CPU = Debug|Any CPU
		Release|Any CPU = Release|Any CPU
	EndGlobalSection
	GlobalSection(ProjectConfigurationPlatforms) = postSolution
		{7430C953-2A9B-4998-9343-04AADBA0707C}.Debug|Any CPU.ActiveCfg = Debug|Any CPU
		{7430C953-2A9B-4998-9343-04AADBA0707C}.Debug|Any CPU.Build.0 = Debug|Any CPU
		{7430C953-2A9B-4998-9343-04AADBA0707C}.Release|Any CPU.ActiveCfg = Release|Any CPU
		{7430C953-2A9B-4998-9343-04AADBA0707C}.Release|Any CPU.Build.0 = Release|Any CPU
		{F42335A0-4662-49A6-9D44-ED1B8E7392C9}.Debug|Any CPU.ActiveCfg = Debug|Any CPU
		{F42335A0-4662-49A6-9D44-ED1B8E7392C9}.Debug|Any CPU.Build.0 = Debug|Any CPU
		{F42335A0-4662-49A6-9D44-ED1B8E7392C9}.Release|Any CPU.ActiveCfg = Release|Any CPU
		{F42335A0-4662-49A6-9D44-ED1B8E7392C9}.Release|Any CPU.Build.0 = Release|Any CPU
	EndGlobalSection
	GlobalSection(SolutionProperties) = preSolution
		HideSolutionNode = FALSE
	EndGlobalSection
	GlobalSection(ExtensibilityGlobals) = postSolution
		SolutionGuid = {73DD63FA-5F67-4FCD-AAFD-F5236173E6FA}
	EndGlobalSection
EndGlobal
